// !$*UTF8*$!
{
	archiveVersion = 1;
	classes = {
	};
	objectVersion = 51;
	objects = {

/* Begin PBXBuildFile section */
		6CB6DA2F25FCCC2200CF6764 /* AppDelegate.swift in Sources */ = {isa = PBXBuildFile; fileRef = 6CB6DA2E25FCCC2200CF6764 /* AppDelegate.swift */; };
		6CB6DA3125FCCC2200CF6764 /* SceneDelegate.swift in Sources */ = {isa = PBXBuildFile; fileRef = 6CB6DA3025FCCC2200CF6764 /* SceneDelegate.swift */; };
		6CB6DA3325FCCC2200CF6764 /* ConversationViewController.swift in Sources */ = {isa = PBXBuildFile; fileRef = 6CB6DA3225FCCC2200CF6764 /* ConversationViewController.swift */; };
		6CB6DA3625FCCC2200CF6764 /* Main.storyboard in Resources */ = {isa = PBXBuildFile; fileRef = 6CB6DA3425FCCC2200CF6764 /* Main.storyboard */; };
		6CB6DA3825FCCC2500CF6764 /* Assets.xcassets in Resources */ = {isa = PBXBuildFile; fileRef = 6CB6DA3725FCCC2500CF6764 /* Assets.xcassets */; };
		6CB6DA3B25FCCC2500CF6764 /* LaunchScreen.storyboard in Resources */ = {isa = PBXBuildFile; fileRef = 6CB6DA3925FCCC2500CF6764 /* LaunchScreen.storyboard */; };
		6CB6DA4D25FCD16300CF6764 /* LoginViewController.swift in Sources */ = {isa = PBXBuildFile; fileRef = 6CB6DA4C25FCD16300CF6764 /* LoginViewController.swift */; };
		6CB6DA5025FCD19C00CF6764 /* RegisterViewController.swift in Sources */ = {isa = PBXBuildFile; fileRef = 6CB6DA4F25FCD19C00CF6764 /* RegisterViewController.swift */; };
		6CB6DA5325FCD22300CF6764 /* PhotoViewerViewController.swift in Sources */ = {isa = PBXBuildFile; fileRef = 6CB6DA5225FCD22300CF6764 /* PhotoViewerViewController.swift */; };
		6CB6DA5625FCD24F00CF6764 /* VideoPlayerViewController.swift in Sources */ = {isa = PBXBuildFile; fileRef = 6CB6DA5525FCD24F00CF6764 /* VideoPlayerViewController.swift */; };
		6CB6DA5925FCD2C800CF6764 /* NewConversationViewController.swift in Sources */ = {isa = PBXBuildFile; fileRef = 6CB6DA5825FCD2C800CF6764 /* NewConversationViewController.swift */; };
		6CB6DA5C25FCD30900CF6764 /* ProfileViewController.swift in Sources */ = {isa = PBXBuildFile; fileRef = 6CB6DA5B25FCD30900CF6764 /* ProfileViewController.swift */; };
		6CC3D1682616ED75003C9E40 /* DatabaseManager.swift in Sources */ = {isa = PBXBuildFile; fileRef = 6CC3D1672616ED75003C9E40 /* DatabaseManager.swift */; };
		6CF564D4262468F0001258AD /* ChatViewController.swift in Sources */ = {isa = PBXBuildFile; fileRef = 6CF564D3262468F0001258AD /* ChatViewController.swift */; };
		B09AD19B2606AB70009B222C /* GoogleService-Info.plist in Resources */ = {isa = PBXBuildFile; fileRef = B09AD19A2606AB70009B222C /* GoogleService-Info.plist */; };
		D252DA6C25FFC40C00A0043A /* Extensions.swift in Sources */ = {isa = PBXBuildFile; fileRef = D252DA6B25FFC40C00A0043A /* Extensions.swift */; };
		E5394321435C6240F0C074C3 /* Pods_Messenger.framework in Frameworks */ = {isa = PBXBuildFile; fileRef = CDEB2CF1F9BCE57E8A8700C5 /* Pods_Messenger.framework */; };
/* End PBXBuildFile section */

/* Begin PBXFileReference section */
		37D246E9EC6A8422173A4D6D /* Pods-Messenger.release.xcconfig */ = {isa = PBXFileReference; includeInIndex = 1; lastKnownFileType = text.xcconfig; name = "Pods-Messenger.release.xcconfig"; path = "Target Support Files/Pods-Messenger/Pods-Messenger.release.xcconfig"; sourceTree = "<group>"; };
		6CB6DA2B25FCCC2200CF6764 /* Messenger.app */ = {isa = PBXFileReference; explicitFileType = wrapper.application; includeInIndex = 0; path = Messenger.app; sourceTree = BUILT_PRODUCTS_DIR; };
		6CB6DA2E25FCCC2200CF6764 /* AppDelegate.swift */ = {isa = PBXFileReference; lastKnownFileType = sourcecode.swift; path = AppDelegate.swift; sourceTree = "<group>"; };
		6CB6DA3025FCCC2200CF6764 /* SceneDelegate.swift */ = {isa = PBXFileReference; lastKnownFileType = sourcecode.swift; path = SceneDelegate.swift; sourceTree = "<group>"; };
		6CB6DA3225FCCC2200CF6764 /* ConversationViewController.swift */ = {isa = PBXFileReference; lastKnownFileType = sourcecode.swift; path = ConversationViewController.swift; sourceTree = "<group>"; };
		6CB6DA3525FCCC2200CF6764 /* Base */ = {isa = PBXFileReference; lastKnownFileType = file.storyboard; name = Base; path = Base.lproj/Main.storyboard; sourceTree = "<group>"; };
		6CB6DA3725FCCC2500CF6764 /* Assets.xcassets */ = {isa = PBXFileReference; lastKnownFileType = folder.assetcatalog; path = Assets.xcassets; sourceTree = "<group>"; };
		6CB6DA3A25FCCC2500CF6764 /* Base */ = {isa = PBXFileReference; lastKnownFileType = file.storyboard; name = Base; path = Base.lproj/LaunchScreen.storyboard; sourceTree = "<group>"; };
		6CB6DA3C25FCCC2500CF6764 /* Info.plist */ = {isa = PBXFileReference; lastKnownFileType = text.plist.xml; path = Info.plist; sourceTree = "<group>"; };
		6CB6DA4C25FCD16300CF6764 /* LoginViewController.swift */ = {isa = PBXFileReference; lastKnownFileType = sourcecode.swift; path = LoginViewController.swift; sourceTree = "<group>"; };
		6CB6DA4F25FCD19C00CF6764 /* RegisterViewController.swift */ = {isa = PBXFileReference; lastKnownFileType = sourcecode.swift; path = RegisterViewController.swift; sourceTree = "<group>"; };
		6CB6DA5225FCD22300CF6764 /* PhotoViewerViewController.swift */ = {isa = PBXFileReference; lastKnownFileType = sourcecode.swift; path = PhotoViewerViewController.swift; sourceTree = "<group>"; };
		6CB6DA5525FCD24F00CF6764 /* VideoPlayerViewController.swift */ = {isa = PBXFileReference; lastKnownFileType = sourcecode.swift; path = VideoPlayerViewController.swift; sourceTree = "<group>"; };
		6CB6DA5825FCD2C800CF6764 /* NewConversationViewController.swift */ = {isa = PBXFileReference; lastKnownFileType = sourcecode.swift; path = NewConversationViewController.swift; sourceTree = "<group>"; };
		6CB6DA5B25FCD30900CF6764 /* ProfileViewController.swift */ = {isa = PBXFileReference; lastKnownFileType = sourcecode.swift; path = ProfileViewController.swift; sourceTree = "<group>"; };
		6CC3D1672616ED75003C9E40 /* DatabaseManager.swift */ = {isa = PBXFileReference; lastKnownFileType = sourcecode.swift; path = DatabaseManager.swift; sourceTree = "<group>"; };
		6CF564D3262468F0001258AD /* ChatViewController.swift */ = {isa = PBXFileReference; lastKnownFileType = sourcecode.swift; path = ChatViewController.swift; sourceTree = "<group>"; };
		B09AD19A2606AB70009B222C /* GoogleService-Info.plist */ = {isa = PBXFileReference; fileEncoding = 4; lastKnownFileType = text.plist.xml; path = "GoogleService-Info.plist"; sourceTree = "<group>"; };
		CDEB2CF1F9BCE57E8A8700C5 /* Pods_Messenger.framework */ = {isa = PBXFileReference; explicitFileType = wrapper.framework; includeInIndex = 0; path = Pods_Messenger.framework; sourceTree = BUILT_PRODUCTS_DIR; };
		D252DA6B25FFC40C00A0043A /* Extensions.swift */ = {isa = PBXFileReference; lastKnownFileType = sourcecode.swift; path = Extensions.swift; sourceTree = "<group>"; };
		DC6B774B73FF94FC972BF97A /* Pods-Messenger.debug.xcconfig */ = {isa = PBXFileReference; includeInIndex = 1; lastKnownFileType = text.xcconfig; name = "Pods-Messenger.debug.xcconfig"; path = "Target Support Files/Pods-Messenger/Pods-Messenger.debug.xcconfig"; sourceTree = "<group>"; };
/* End PBXFileReference section */

/* Begin PBXFrameworksBuildPhase section */
		6CB6DA2825FCCC2200CF6764 /* Frameworks */ = {
			isa = PBXFrameworksBuildPhase;
			buildActionMask = 2147483647;
			files = (
				E5394321435C6240F0C074C3 /* Pods_Messenger.framework in Frameworks */,
			);
			runOnlyForDeploymentPostprocessing = 0;
		};
/* End PBXFrameworksBuildPhase section */

/* Begin PBXGroup section */
		6CB6DA2225FCCC2200CF6764 = {
			isa = PBXGroup;
			children = (
				6CB6DA2D25FCCC2200CF6764 /* Messenger */,
				6CB6DA2C25FCCC2200CF6764 /* Products */,
				9DD5CB6D7C249120E5B80912 /* Pods */,
				E78A86B7ADE3743D24CF2288 /* Frameworks */,
			);
			sourceTree = "<group>";
		};
		6CB6DA2C25FCCC2200CF6764 /* Products */ = {
			isa = PBXGroup;
			children = (
				6CB6DA2B25FCCC2200CF6764 /* Messenger.app */,
			);
			name = Products;
			sourceTree = "<group>";
		};
		6CB6DA2D25FCCC2200CF6764 /* Messenger */ = {
			isa = PBXGroup;
			children = (
				B09AD19A2606AB70009B222C /* GoogleService-Info.plist */,
				6CB6DA4825FCCDF800CF6764 /* Resources */,
				6CB6DA4725FCCDE600CF6764 /* ViewModels */,
				6CB6DA4625FCCDCD00CF6764 /* Models */,
				6CB6DA4525FCCDBA00CF6764 /* Views */,
				6CB6DA4425FCCDA800CF6764 /* Controllers */,
				6CB6DA3C25FCCC2500CF6764 /* Info.plist */,
			);
			path = Messenger;
			sourceTree = "<group>";
		};
		6CB6DA4425FCCDA800CF6764 /* Controllers */ = {
			isa = PBXGroup;
			children = (
				6CB6DA3225FCCC2200CF6764 /* ConversationViewController.swift */,
				D292BA2E25FF872C0005E682 /* Login */,
				6CB6DA5225FCD22300CF6764 /* PhotoViewerViewController.swift */,
				6CB6DA5525FCD24F00CF6764 /* VideoPlayerViewController.swift */,
				6CB6DA5825FCD2C800CF6764 /* NewConversationViewController.swift */,
				6CB6DA5B25FCD30900CF6764 /* ProfileViewController.swift */,
				6CF564D3262468F0001258AD /* ChatViewController.swift */,
			);
			path = Controllers;
			sourceTree = "<group>";
		};
		6CB6DA4525FCCDBA00CF6764 /* Views */ = {
			isa = PBXGroup;
			children = (
				6CB6DA4925FCCE5F00CF6764 /* Storyboards */,
				6CB6DA3725FCCC2500CF6764 /* Assets.xcassets */,
			);
			path = Views;
			sourceTree = "<group>";
		};
		6CB6DA4625FCCDCD00CF6764 /* Models */ = {
			isa = PBXGroup;
			children = (
			);
			path = Models;
			sourceTree = "<group>";
		};
		6CB6DA4725FCCDE600CF6764 /* ViewModels */ = {
			isa = PBXGroup;
			children = (
			);
			path = ViewModels;
			sourceTree = "<group>";
		};
		6CB6DA4825FCCDF800CF6764 /* Resources */ = {
			isa = PBXGroup;
			children = (
				6CB6DA3025FCCC2200CF6764 /* SceneDelegate.swift */,
				6CB6DA2E25FCCC2200CF6764 /* AppDelegate.swift */,
				D252DA6B25FFC40C00A0043A /* Extensions.swift */,
				6CC3D1672616ED75003C9E40 /* DatabaseManager.swift */,
			);
			path = Resources;
			sourceTree = "<group>";
		};
		6CB6DA4925FCCE5F00CF6764 /* Storyboards */ = {
			isa = PBXGroup;
			children = (
				6CB6DA3425FCCC2200CF6764 /* Main.storyboard */,
				6CB6DA3925FCCC2500CF6764 /* LaunchScreen.storyboard */,
			);
			path = Storyboards;
			sourceTree = "<group>";
		};
		9DD5CB6D7C249120E5B80912 /* Pods */ = {
			isa = PBXGroup;
			children = (
				DC6B774B73FF94FC972BF97A /* Pods-Messenger.debug.xcconfig */,
				37D246E9EC6A8422173A4D6D /* Pods-Messenger.release.xcconfig */,
			);
			path = Pods;
			sourceTree = "<group>";
		};
		D292BA2E25FF872C0005E682 /* Login */ = {
			isa = PBXGroup;
			children = (
				6CB6DA4C25FCD16300CF6764 /* LoginViewController.swift */,
				6CB6DA4F25FCD19C00CF6764 /* RegisterViewController.swift */,
			);
			name = Login;
			path = Login/Login;
			sourceTree = "<group>";
		};
		E78A86B7ADE3743D24CF2288 /* Frameworks */ = {
			isa = PBXGroup;
			children = (
				CDEB2CF1F9BCE57E8A8700C5 /* Pods_Messenger.framework */,
			);
			name = Frameworks;
			sourceTree = "<group>";
		};
/* End PBXGroup section */

/* Begin PBXNativeTarget section */
		6CB6DA2A25FCCC2200CF6764 /* Messenger */ = {
			isa = PBXNativeTarget;
			buildConfigurationList = 6CB6DA3F25FCCC2500CF6764 /* Build configuration list for PBXNativeTarget "Messenger" */;
			buildPhases = (
				D585928F780AA06B729E6DA2 /* [CP] Check Pods Manifest.lock */,
				6CB6DA2725FCCC2200CF6764 /* Sources */,
				6CB6DA2825FCCC2200CF6764 /* Frameworks */,
				6CB6DA2925FCCC2200CF6764 /* Resources */,
				6F3DD2C8DA4EF5E189857893 /* [CP] Embed Pods Frameworks */,
				0AC7970598C37D1A4D228EA9 /* [CP] Copy Pods Resources */,
			);
			buildRules = (
			);
			dependencies = (
			);
			name = Messenger;
			productName = Messenger;
			productReference = 6CB6DA2B25FCCC2200CF6764 /* Messenger.app */;
			productType = "com.apple.product-type.application";
		};
/* End PBXNativeTarget section */

/* Begin PBXProject section */
		6CB6DA2325FCCC2200CF6764 /* Project object */ = {
			isa = PBXProject;
			attributes = {
				LastSwiftUpdateCheck = 1240;
				LastUpgradeCheck = 1240;
				TargetAttributes = {
					6CB6DA2A25FCCC2200CF6764 = {
						CreatedOnToolsVersion = 12.4;
					};
				};
			};
			buildConfigurationList = 6CB6DA2625FCCC2200CF6764 /* Build configuration list for PBXProject "Messenger" */;
			compatibilityVersion = "Xcode 9.3";
			developmentRegion = en;
			hasScannedForEncodings = 0;
			knownRegions = (
				en,
				Base,
			);
			mainGroup = 6CB6DA2225FCCC2200CF6764;
			productRefGroup = 6CB6DA2C25FCCC2200CF6764 /* Products */;
			projectDirPath = "";
			projectRoot = "";
			targets = (
				6CB6DA2A25FCCC2200CF6764 /* Messenger */,
			);
		};
/* End PBXProject section */

/* Begin PBXResourcesBuildPhase section */
		6CB6DA2925FCCC2200CF6764 /* Resources */ = {
			isa = PBXResourcesBuildPhase;
			buildActionMask = 2147483647;
			files = (
				6CB6DA3B25FCCC2500CF6764 /* LaunchScreen.storyboard in Resources */,
				B09AD19B2606AB70009B222C /* GoogleService-Info.plist in Resources */,
				6CB6DA3825FCCC2500CF6764 /* Assets.xcassets in Resources */,
				6CB6DA3625FCCC2200CF6764 /* Main.storyboard in Resources */,
			);
			runOnlyForDeploymentPostprocessing = 0;
		};
/* End PBXResourcesBuildPhase section */

/* Begin PBXShellScriptBuildPhase section */
		0AC7970598C37D1A4D228EA9 /* [CP] Copy Pods Resources */ = {
			isa = PBXShellScriptBuildPhase;
			buildActionMask = 2147483647;
			files = (
			);
			inputFileListPaths = (
				"${PODS_ROOT}/Target Support Files/Pods-Messenger/Pods-Messenger-resources-${CONFIGURATION}-input-files.xcfilelist",
			);
			name = "[CP] Copy Pods Resources";
			outputFileListPaths = (
				"${PODS_ROOT}/Target Support Files/Pods-Messenger/Pods-Messenger-resources-${CONFIGURATION}-output-files.xcfilelist",
			);
			runOnlyForDeploymentPostprocessing = 0;
			shellPath = /bin/sh;
			shellScript = "\"${PODS_ROOT}/Target Support Files/Pods-Messenger/Pods-Messenger-resources.sh\"\n";
			showEnvVarsInLog = 0;
		};
		6F3DD2C8DA4EF5E189857893 /* [CP] Embed Pods Frameworks */ = {
			isa = PBXShellScriptBuildPhase;
			buildActionMask = 2147483647;
			files = (
			);
			inputFileListPaths = (
				"${PODS_ROOT}/Target Support Files/Pods-Messenger/Pods-Messenger-frameworks-${CONFIGURATION}-input-files.xcfilelist",
			);
			name = "[CP] Embed Pods Frameworks";
			outputFileListPaths = (
				"${PODS_ROOT}/Target Support Files/Pods-Messenger/Pods-Messenger-frameworks-${CONFIGURATION}-output-files.xcfilelist",
			);
			runOnlyForDeploymentPostprocessing = 0;
			shellPath = /bin/sh;
			shellScript = "\"${PODS_ROOT}/Target Support Files/Pods-Messenger/Pods-Messenger-frameworks.sh\"\n";
			showEnvVarsInLog = 0;
		};
		D585928F780AA06B729E6DA2 /* [CP] Check Pods Manifest.lock */ = {
			isa = PBXShellScriptBuildPhase;
			buildActionMask = 2147483647;
			files = (
			);
			inputFileListPaths = (
			);
			inputPaths = (
				"${PODS_PODFILE_DIR_PATH}/Podfile.lock",
				"${PODS_ROOT}/Manifest.lock",
			);
			name = "[CP] Check Pods Manifest.lock";
			outputFileListPaths = (
			);
			outputPaths = (
				"$(DERIVED_FILE_DIR)/Pods-Messenger-checkManifestLockResult.txt",
			);
			runOnlyForDeploymentPostprocessing = 0;
			shellPath = /bin/sh;
			shellScript = "diff \"${PODS_PODFILE_DIR_PATH}/Podfile.lock\" \"${PODS_ROOT}/Manifest.lock\" > /dev/null\nif [ $? != 0 ] ; then\n    # print error to STDERR\n    echo \"error: The sandbox is not in sync with the Podfile.lock. Run 'pod install' or update your CocoaPods installation.\" >&2\n    exit 1\nfi\n# This output is used by Xcode 'outputs' to avoid re-running this script phase.\necho \"SUCCESS\" > \"${SCRIPT_OUTPUT_FILE_0}\"\n";
			showEnvVarsInLog = 0;
		};
/* End PBXShellScriptBuildPhase section */

/* Begin PBXSourcesBuildPhase section */
		6CB6DA2725FCCC2200CF6764 /* Sources */ = {
			isa = PBXSourcesBuildPhase;
			buildActionMask = 2147483647;
			files = (
				6CB6DA4D25FCD16300CF6764 /* LoginViewController.swift in Sources */,
				6CC3D1682616ED75003C9E40 /* DatabaseManager.swift in Sources */,
				6CB6DA5025FCD19C00CF6764 /* RegisterViewController.swift in Sources */,
				6CB6DA5925FCD2C800CF6764 /* NewConversationViewController.swift in Sources */,
				6CB6DA3325FCCC2200CF6764 /* ConversationViewController.swift in Sources */,
				6CB6DA5625FCD24F00CF6764 /* VideoPlayerViewController.swift in Sources */,
				D252DA6C25FFC40C00A0043A /* Extensions.swift in Sources */,
				6CB6DA2F25FCCC2200CF6764 /* AppDelegate.swift in Sources */,
				6CB6DA5C25FCD30900CF6764 /* ProfileViewController.swift in Sources */,
				6CB6DA3125FCCC2200CF6764 /* SceneDelegate.swift in Sources */,
				6CF564D4262468F0001258AD /* ChatViewController.swift in Sources */,
				6CB6DA5325FCD22300CF6764 /* PhotoViewerViewController.swift in Sources */,
			);
			runOnlyForDeploymentPostprocessing = 0;
		};
/* End PBXSourcesBuildPhase section */

/* Begin PBXVariantGroup section */
		6CB6DA3425FCCC2200CF6764 /* Main.storyboard */ = {
			isa = PBXVariantGroup;
			children = (
				6CB6DA3525FCCC2200CF6764 /* Base */,
			);
			name = Main.storyboard;
			sourceTree = "<group>";
		};
		6CB6DA3925FCCC2500CF6764 /* LaunchScreen.storyboard */ = {
			isa = PBXVariantGroup;
			children = (
				6CB6DA3A25FCCC2500CF6764 /* Base */,
			);
			name = LaunchScreen.storyboard;
			sourceTree = "<group>";
		};
/* End PBXVariantGroup section */

/* Begin XCBuildConfiguration section */
		6CB6DA3D25FCCC2500CF6764 /* Debug */ = {
			isa = XCBuildConfiguration;
			buildSettings = {
				ALWAYS_SEARCH_USER_PATHS = NO;
				CLANG_ANALYZER_NONNULL = YES;
				CLANG_ANALYZER_NUMBER_OBJECT_CONVERSION = YES_AGGRESSIVE;
				CLANG_CXX_LANGUAGE_STANDARD = "gnu++14";
				CLANG_CXX_LIBRARY = "libc++";
				CLANG_ENABLE_MODULES = YES;
				CLANG_ENABLE_OBJC_ARC = YES;
				CLANG_ENABLE_OBJC_WEAK = YES;
				CLANG_WARN_BLOCK_CAPTURE_AUTORELEASING = YES;
				CLANG_WARN_BOOL_CONVERSION = YES;
				CLANG_WARN_COMMA = YES;
				CLANG_WARN_CONSTANT_CONVERSION = YES;
				CLANG_WARN_DEPRECATED_OBJC_IMPLEMENTATIONS = YES;
				CLANG_WARN_DIRECT_OBJC_ISA_USAGE = YES_ERROR;
				CLANG_WARN_DOCUMENTATION_COMMENTS = YES;
				CLANG_WARN_EMPTY_BODY = YES;
				CLANG_WARN_ENUM_CONVERSION = YES;
				CLANG_WARN_INFINITE_RECURSION = YES;
				CLANG_WARN_INT_CONVERSION = YES;
				CLANG_WARN_NON_LITERAL_NULL_CONVERSION = YES;
				CLANG_WARN_OBJC_IMPLICIT_RETAIN_SELF = YES;
				CLANG_WARN_OBJC_LITERAL_CONVERSION = YES;
				CLANG_WARN_OBJC_ROOT_CLASS = YES_ERROR;
				CLANG_WARN_QUOTED_INCLUDE_IN_FRAMEWORK_HEADER = YES;
				CLANG_WARN_RANGE_LOOP_ANALYSIS = YES;
				CLANG_WARN_STRICT_PROTOTYPES = YES;
				CLANG_WARN_SUSPICIOUS_MOVE = YES;
				CLANG_WARN_UNGUARDED_AVAILABILITY = YES_AGGRESSIVE;
				CLANG_WARN_UNREACHABLE_CODE = YES;
				CLANG_WARN__DUPLICATE_METHOD_MATCH = YES;
				COPY_PHASE_STRIP = NO;
				DEBUG_INFORMATION_FORMAT = dwarf;
				ENABLE_STRICT_OBJC_MSGSEND = YES;
				ENABLE_TESTABILITY = YES;
				GCC_C_LANGUAGE_STANDARD = gnu11;
				GCC_DYNAMIC_NO_PIC = NO;
				GCC_NO_COMMON_BLOCKS = YES;
				GCC_OPTIMIZATION_LEVEL = 0;
				GCC_PREPROCESSOR_DEFINITIONS = (
					"DEBUG=1",
					"$(inherited)",
				);
				GCC_WARN_64_TO_32_BIT_CONVERSION = YES;
				GCC_WARN_ABOUT_RETURN_TYPE = YES_ERROR;
				GCC_WARN_UNDECLARED_SELECTOR = YES;
				GCC_WARN_UNINITIALIZED_AUTOS = YES_AGGRESSIVE;
				GCC_WARN_UNUSED_FUNCTION = YES;
				GCC_WARN_UNUSED_VARIABLE = YES;
				IPHONEOS_DEPLOYMENT_TARGET = 14.4;
				MTL_ENABLE_DEBUG_INFO = INCLUDE_SOURCE;
				MTL_FAST_MATH = YES;
				ONLY_ACTIVE_ARCH = YES;
				SDKROOT = iphoneos;
				SWIFT_ACTIVE_COMPILATION_CONDITIONS = DEBUG;
				SWIFT_OPTIMIZATION_LEVEL = "-Onone";
			};
			name = Debug;
		};
		6CB6DA3E25FCCC2500CF6764 /* Release */ = {
			isa = XCBuildConfiguration;
			buildSettings = {
				ALWAYS_SEARCH_USER_PATHS = NO;
				CLANG_ANALYZER_NONNULL = YES;
				CLANG_ANALYZER_NUMBER_OBJECT_CONVERSION = YES_AGGRESSIVE;
				CLANG_CXX_LANGUAGE_STANDARD = "gnu++14";
				CLANG_CXX_LIBRARY = "libc++";
				CLANG_ENABLE_MODULES = YES;
				CLANG_ENABLE_OBJC_ARC = YES;
				CLANG_ENABLE_OBJC_WEAK = YES;
				CLANG_WARN_BLOCK_CAPTURE_AUTORELEASING = YES;
				CLANG_WARN_BOOL_CONVERSION = YES;
				CLANG_WARN_COMMA = YES;
				CLANG_WARN_CONSTANT_CONVERSION = YES;
				CLANG_WARN_DEPRECATED_OBJC_IMPLEMENTATIONS = YES;
				CLANG_WARN_DIRECT_OBJC_ISA_USAGE = YES_ERROR;
				CLANG_WARN_DOCUMENTATION_COMMENTS = YES;
				CLANG_WARN_EMPTY_BODY = YES;
				CLANG_WARN_ENUM_CONVERSION = YES;
				CLANG_WARN_INFINITE_RECURSION = YES;
				CLANG_WARN_INT_CONVERSION = YES;
				CLANG_WARN_NON_LITERAL_NULL_CONVERSION = YES;
				CLANG_WARN_OBJC_IMPLICIT_RETAIN_SELF = YES;
				CLANG_WARN_OBJC_LITERAL_CONVERSION = YES;
				CLANG_WARN_OBJC_ROOT_CLASS = YES_ERROR;
				CLANG_WARN_QUOTED_INCLUDE_IN_FRAMEWORK_HEADER = YES;
				CLANG_WARN_RANGE_LOOP_ANALYSIS = YES;
				CLANG_WARN_STRICT_PROTOTYPES = YES;
				CLANG_WARN_SUSPICIOUS_MOVE = YES;
				CLANG_WARN_UNGUARDED_AVAILABILITY = YES_AGGRESSIVE;
				CLANG_WARN_UNREACHABLE_CODE = YES;
				CLANG_WARN__DUPLICATE_METHOD_MATCH = YES;
				COPY_PHASE_STRIP = NO;
				DEBUG_INFORMATION_FORMAT = "dwarf-with-dsym";
				ENABLE_NS_ASSERTIONS = NO;
				ENABLE_STRICT_OBJC_MSGSEND = YES;
				GCC_C_LANGUAGE_STANDARD = gnu11;
				GCC_NO_COMMON_BLOCKS = YES;
				GCC_WARN_64_TO_32_BIT_CONVERSION = YES;
				GCC_WARN_ABOUT_RETURN_TYPE = YES_ERROR;
				GCC_WARN_UNDECLARED_SELECTOR = YES;
				GCC_WARN_UNINITIALIZED_AUTOS = YES_AGGRESSIVE;
				GCC_WARN_UNUSED_FUNCTION = YES;
				GCC_WARN_UNUSED_VARIABLE = YES;
				IPHONEOS_DEPLOYMENT_TARGET = 14.4;
				MTL_ENABLE_DEBUG_INFO = NO;
				MTL_FAST_MATH = YES;
				SDKROOT = iphoneos;
				SWIFT_COMPILATION_MODE = wholemodule;
				SWIFT_OPTIMIZATION_LEVEL = "-O";
				VALIDATE_PRODUCT = YES;
			};
			name = Release;
		};
		6CB6DA4025FCCC2500CF6764 /* Debug */ = {
			isa = XCBuildConfiguration;
			baseConfigurationReference = DC6B774B73FF94FC972BF97A /* Pods-Messenger.debug.xcconfig */;
			buildSettings = {
				ASSETCATALOG_COMPILER_APPICON_NAME = AppIcon;
				ASSETCATALOG_COMPILER_GLOBAL_ACCENT_COLOR_NAME = AccentColor;
				CODE_SIGN_STYLE = Automatic;
				INFOPLIST_FILE = Messenger/Info.plist;
				IPHONEOS_DEPLOYMENT_TARGET = 14.4;
				LD_RUNPATH_SEARCH_PATHS = (
					"$(inherited)",
					"@executable_path/Frameworks",
				);
				PRODUCT_BUNDLE_IDENTIFIER = MoXuTo.Messenger;
				PRODUCT_NAME = "$(TARGET_NAME)";
				SWIFT_VERSION = 5.0;
				TARGETED_DEVICE_FAMILY = "1,2";
			};
			name = Debug;
		};
		6CB6DA4125FCCC2500CF6764 /* Release */ = {
			isa = XCBuildConfiguration;
			baseConfigurationReference = 37D246E9EC6A8422173A4D6D /* Pods-Messenger.release.xcconfig */;
			buildSettings = {
				ASSETCATALOG_COMPILER_APPICON_NAME = AppIcon;
				ASSETCATALOG_COMPILER_GLOBAL_ACCENT_COLOR_NAME = AccentColor;
				CODE_SIGN_STYLE = Automatic;
				INFOPLIST_FILE = Messenger/Info.plist;
				IPHONEOS_DEPLOYMENT_TARGET = 14.4;
				LD_RUNPATH_SEARCH_PATHS = (
					"$(inherited)",
					"@executable_path/Frameworks",
				);
				PRODUCT_BUNDLE_IDENTIFIER = MoXuTo.Messenger;
				PRODUCT_NAME = "$(TARGET_NAME)";
				SWIFT_VERSION = 5.0;
				TARGETED_DEVICE_FAMILY = "1,2";
			};
			name = Release;
		};
/* End XCBuildConfiguration section */

/* Begin XCConfigurationList section */
		6CB6DA2625FCCC2200CF6764 /* Build configuration list for PBXProject "Messenger" */ = {
			isa = XCConfigurationList;
			buildConfigurations = (
				6CB6DA3D25FCCC2500CF6764 /* Debug */,
				6CB6DA3E25FCCC2500CF6764 /* Release */,
			);
			defaultConfigurationIsVisible = 0;
			defaultConfigurationName = Release;
		};
		6CB6DA3F25FCCC2500CF6764 /* Build configuration list for PBXNativeTarget "Messenger" */ = {
			isa = XCConfigurationList;
			buildConfigurations = (
				6CB6DA4025FCCC2500CF6764 /* Debug */,
				6CB6DA4125FCCC2500CF6764 /* Release */,
			);
			defaultConfigurationIsVisible = 0;
			defaultConfigurationName = Release;
		};
/* End XCConfigurationList section */
	};
	rootObject = 6CB6DA2325FCCC2200CF6764 /* Project object */;
}
